
Microsoft Visual Studio Solution File, Format Version 12.00
Project("{FAE04EC0-301F-11D3-BF4B-00C04F79EFBC}") = "Unio.Sandbox", "Unio.Sandbox\Unio.Sandbox.csproj", "{3DD3CA33-3459-41D4-B624-95503C25743E}"
EndProject
Global
	GlobalSection(SolutionConfigurationPlatforms) = preSolution
		Debug|Any CPU = Debug|Any CPU
		Release|Any CPU = Release|Any CPU
	EndGlobalSection
	GlobalSection(ProjectConfigurationPlatforms) = postSolution
		{3DD3CA33-3459-41D4-B624-95503C25743E}.Debug|Any CPU.ActiveCfg = Debug|Any CPU
		{3DD3CA33-3459-41D4-B624-95503C25743E}.Debug|Any CPU.Build.0 = Debug|Any CPU
		{3DD3CA33-3459-41D4-B624-95503C25743E}.Release|Any CPU.ActiveCfg = Release|Any CPU
		{3DD3CA33-3459-41D4-B624-95503C25743E}.Release|Any CPU.Build.0 = Release|Any CPU
	EndGlobalSection
EndGlobal
